
Microsoft Visual Studio Solution File, Format Version 12.00
# Visual Studio 2015
Project("{FAE04EC0-301F-11D3-BF4B-00C04F79EFBC}") = "aMAZE Game.CSharp.Plugins", "aMAZE Game.CSharp.Plugins.csproj", "{7943BB4A-5242-0529-7E46-FA9D9B82C5CA}"
EndProject
Project("{FAE04EC0-301F-11D3-BF4B-00C04F79EFBC}") = "aMAZE Game.CSharp", "aMAZE Game.CSharp.csproj", "{C7ED5744-483E-6A04-79D3-2F438E8991C5}"
EndProject
Project("{FAE04EC0-301F-11D3-BF4B-00C04F79EFBC}") = "aMAZE Game.CSharp.Editor", "aMAZE Game.CSharp.Editor.csproj", "{ED1E7DDB-7CAF-C3A1-EDAE-5B505E87B7D9}"
EndProject
Global
	GlobalSection(SolutionConfigurationPlatforms) = preSolution
		Debug|Any CPU = Debug|Any CPU
		Release|Any CPU = Release|Any CPU
	EndGlobalSection
	GlobalSection(ProjectConfigurationPlatforms) = postSolution
		{7943BB4A-5242-0529-7E46-FA9D9B82C5CA}.Debug|Any CPU.ActiveCfg = Debug|Any CPU
		{7943BB4A-5242-0529-7E46-FA9D9B82C5CA}.Debug|Any CPU.Build.0 = Debug|Any CPU
		{7943BB4A-5242-0529-7E46-FA9D9B82C5CA}.Release|Any CPU.ActiveCfg = Release|Any CPU
		{7943BB4A-5242-0529-7E46-FA9D9B82C5CA}.Release|Any CPU.Build.0 = Release|Any CPU
		{C7ED5744-483E-6A04-79D3-2F438E8991C5}.Debug|Any CPU.ActiveCfg = Debug|Any CPU
		{C7ED5744-483E-6A04-79D3-2F438E8991C5}.Debug|Any CPU.Build.0 = Debug|Any CPU
		{C7ED5744-483E-6A04-79D3-2F438E8991C5}.Release|Any CPU.ActiveCfg = Release|Any CPU
		{C7ED5744-483E-6A04-79D3-2F438E8991C5}.Release|Any CPU.Build.0 = Release|Any CPU
		{ED1E7DDB-7CAF-C3A1-EDAE-5B505E87B7D9}.Debug|Any CPU.ActiveCfg = Debug|Any CPU
		{ED1E7DDB-7CAF-C3A1-EDAE-5B505E87B7D9}.Debug|Any CPU.Build.0 = Debug|Any CPU
		{ED1E7DDB-7CAF-C3A1-EDAE-5B505E87B7D9}.Release|Any CPU.ActiveCfg = Release|Any CPU
		{ED1E7DDB-7CAF-C3A1-EDAE-5B505E87B7D9}.Release|Any CPU.Build.0 = Release|Any CPU
	EndGlobalSection
	GlobalSection(SolutionProperties) = preSolution
		HideSolutionNode = FALSE
	EndGlobalSection
EndGlobal
